
Microsoft Visual Studio Solution File, Format Version 12.00
# Visual Studio Version 17
VisualStudioVersion = 17.5.33627.172
MinimumVisualStudioVersion = 10.0.40219.1
Project("{9A19103F-16F7-4668-BE54-9A1E7A4F7556}") = "CalculadoraLib", "CalculadoraLib\CalculadoraLib.csproj", "{80FC405F-78A2-48B8-8087-FBEDD2FE263C}"
EndProject
Project("{9A19103F-16F7-4668-BE54-9A1E7A4F7556}") = "CalculadoraLib.Tests.xUnit", "CalculadoraLib.Tests.xUnit\CalculadoraLib.Tests.xUnit.csproj", "{E6EF170F-4C48-49C7-945D-B6C93CE18321}"
EndProject
Project("{9A19103F-16F7-4668-BE54-9A1E7A4F7556}") = "CalculadoraLib.Tests.nUnit", "CalculadoraLib.Tests.nUnit\CalculadoraLib.Tests.nUnit.csproj", "{DEE5337E-19BF-4907-8394-1567E108120A}"
EndProject
Project("{9A19103F-16F7-4668-BE54-9A1E7A4F7556}") = "CalculadoraLib.Tests.MSTest", "CalculadoraLib.Tests.MSTest\CalculadoraLib.Tests.MSTest.csproj", "{247B4CF1-3373-45B9-B32E-2747B356E440}"
EndProject
Project("{2150E333-8FDC-42A3-9474-1A3956D46DE8}") = "Solution Items", "Solution Items", "{537D1AB7-9E67-4006-B4CA-29EAD88F60B8}"
	ProjectSection(SolutionItems) = preProject
		LICENSE = LICENSE
		readme.md = readme.md
	EndProjectSection
EndProject
Global
	GlobalSection(SolutionConfigurationPlatforms) = preSolution
		Debug|Any CPU = Debug|Any CPU
		Release|Any CPU = Release|Any CPU
	EndGlobalSection
	GlobalSection(ProjectConfigurationPlatforms) = postSolution
		{80FC405F-78A2-48B8-8087-FBEDD2FE263C}.Debug|Any CPU.ActiveCfg = Debug|Any CPU
		{80FC405F-78A2-48B8-8087-FBEDD2FE263C}.Debug|Any CPU.Build.0 = Debug|Any CPU
		{80FC405F-78A2-48B8-8087-FBEDD2FE263C}.Release|Any CPU.ActiveCfg = Release|Any CPU
		{80FC405F-78A2-48B8-8087-FBEDD2FE263C}.Release|Any CPU.Build.0 = Release|Any CPU
		{E6EF170F-4C48-49C7-945D-B6C93CE18321}.Debug|Any CPU.ActiveCfg = Debug|Any CPU
		{E6EF170F-4C48-49C7-945D-B6C93CE18321}.Debug|Any CPU.Build.0 = Debug|Any CPU
		{E6EF170F-4C48-49C7-945D-B6C93CE18321}.Release|Any CPU.ActiveCfg = Release|Any CPU
		{E6EF170F-4C48-49C7-945D-B6C93CE18321}.Release|Any CPU.Build.0 = Release|Any CPU
		{DEE5337E-19BF-4907-8394-1567E108120A}.Debug|Any CPU.ActiveCfg = Debug|Any CPU
		{DEE5337E-19BF-4907-8394-1567E108120A}.Debug|Any CPU.Build.0 = Debug|Any CPU
		{DEE5337E-19BF-4907-8394-1567E108120A}.Release|Any CPU.ActiveCfg = Release|Any CPU
		{DEE5337E-19BF-4907-8394-1567E108120A}.Release|Any CPU.Build.0 = Release|Any CPU
		{247B4CF1-3373-45B9-B32E-2747B356E440}.Debug|Any CPU.ActiveCfg = Debug|Any CPU
		{247B4CF1-3373-45B9-B32E-2747B356E440}.Debug|Any CPU.Build.0 = Debug|Any CPU
		{247B4CF1-3373-45B9-B32E-2747B356E440}.Release|Any CPU.ActiveCfg = Release|Any CPU
		{247B4CF1-3373-45B9-B32E-2747B356E440}.Release|Any CPU.Build.0 = Release|Any CPU
	EndGlobalSection
	GlobalSection(SolutionProperties) = preSolution
		HideSolutionNode = FALSE
	EndGlobalSection
	GlobalSection(ExtensibilityGlobals) = postSolution
		SolutionGuid = {DF7EC51C-F430-445E-81AC-540BFD81B2BB}
	EndGlobalSection
EndGlobal
